
Microsoft Visual Studio Solution File, Format Version 12.00
# Visual Studio 15
VisualStudioVersion = 15.0.26730.12
MinimumVisualStudioVersion = 10.0.40219.1
Project("{FAE04EC0-301F-11D3-BF4B-00C04F79EFBC}") = "EventManager", "EventManager\EventManager.csproj", "{640F9D2C-5381-49DD-85E4-C4660B19E19D}"
EndProject
Project("{FAE04EC0-301F-11D3-BF4B-00C04F79EFBC}") = "EventManager.Tests", "EventManager.Tests\EventManager.Tests.csproj", "{22D9AC64-0BDB-4951-881D-B16103C9EE3F}"
EndProject
Global
	GlobalSection(SolutionConfigurationPlatforms) = preSolution
		Debug|Any CPU = Debug|Any CPU
		Release|Any CPU = Release|Any CPU
	EndGlobalSection
	GlobalSection(ProjectConfigurationPlatforms) = postSolution
		{640F9D2C-5381-49DD-85E4-C4660B19E19D}.Debug|Any CPU.ActiveCfg = Debug|Any CPU
		{640F9D2C-5381-49DD-85E4-C4660B19E19D}.Debug|Any CPU.Build.0 = Debug|Any CPU
		{640F9D2C-5381-49DD-85E4-C4660B19E19D}.Release|Any CPU.ActiveCfg = Release|Any CPU
		{640F9D2C-5381-49DD-85E4-C4660B19E19D}.Release|Any CPU.Build.0 = Release|Any CPU
		{22D9AC64-0BDB-4951-881D-B16103C9EE3F}.Debug|Any CPU.ActiveCfg = Debug|Any CPU
		{22D9AC64-0BDB-4951-881D-B16103C9EE3F}.Debug|Any CPU.Build.0 = Debug|Any CPU
		{22D9AC64-0BDB-4951-881D-B16103C9EE3F}.Release|Any CPU.ActiveCfg = Release|Any CPU
		{22D9AC64-0BDB-4951-881D-B16103C9EE3F}.Release|Any CPU.Build.0 = Release|Any CPU
	EndGlobalSection
	GlobalSection(SolutionProperties) = preSolution
		HideSolutionNode = FALSE
	EndGlobalSection
	GlobalSection(ExtensibilityGlobals) = postSolution
		SolutionGuid = {4162205F-E77A-43AD-92D4-119911DB22AD}
	EndGlobalSection
EndGlobal
